
Microsoft Visual Studio Solution File, Format Version 12.00
# Visual Studio Version 16
VisualStudioVersion = 16.0.30804.86
MinimumVisualStudioVersion = 10.0.40219.1
Project("{FAE04EC0-301F-11D3-BF4B-00C04F79EFBC}") = "ListaDoble", "ListaDoble\ListaDoble.csproj", "{7C9A87E0-DBF2-4929-9F5F-8A11466E4614}"
EndProject
Global
	GlobalSection(SolutionConfigurationPlatforms) = preSolution
		Debug|Any CPU = Debug|Any CPU
		Release|Any CPU = Release|Any CPU
	EndGlobalSection
	GlobalSection(ProjectConfigurationPlatforms) = postSolution
		{7C9A87E0-DBF2-4929-9F5F-8A11466E4614}.Debug|Any CPU.ActiveCfg = Debug|Any CPU
		{7C9A87E0-DBF2-4929-9F5F-8A11466E4614}.Debug|Any CPU.Build.0 = Debug|Any CPU
		{7C9A87E0-DBF2-4929-9F5F-8A11466E4614}.Release|Any CPU.ActiveCfg = Release|Any CPU
		{7C9A87E0-DBF2-4929-9F5F-8A11466E4614}.Release|Any CPU.Build.0 = Release|Any CPU
	EndGlobalSection
	GlobalSection(SolutionProperties) = preSolution
		HideSolutionNode = FALSE
	EndGlobalSection
	GlobalSection(ExtensibilityGlobals) = postSolution
		SolutionGuid = {7329DB9A-7B07-4186-8977-E43D0354AD09}
	EndGlobalSection
EndGlobal
